
Microsoft Visual Studio Solution File, Format Version 12.00
Project("{FAE04EC0-301F-11D3-BF4B-00C04F79EFBC}") = "Dl_Service_Lifetime", "Dl_Service_Lifetime\Dl_Service_Lifetime.csproj", "{865CEE2D-70F8-4272-BD96-A76FA2D8C79A}"
EndProject
Global
	GlobalSection(SolutionConfigurationPlatforms) = preSolution
		Debug|Any CPU = Debug|Any CPU
		Release|Any CPU = Release|Any CPU
	EndGlobalSection
	GlobalSection(ProjectConfigurationPlatforms) = postSolution
		{865CEE2D-70F8-4272-BD96-A76FA2D8C79A}.Debug|Any CPU.ActiveCfg = Debug|Any CPU
		{865CEE2D-70F8-4272-BD96-A76FA2D8C79A}.Debug|Any CPU.Build.0 = Debug|Any CPU
		{865CEE2D-70F8-4272-BD96-A76FA2D8C79A}.Release|Any CPU.ActiveCfg = Release|Any CPU
		{865CEE2D-70F8-4272-BD96-A76FA2D8C79A}.Release|Any CPU.Build.0 = Release|Any CPU
	EndGlobalSection
EndGlobal
